
Microsoft Visual Studio Solution File, Format Version 12.00
# Visual Studio Version 17
VisualStudioVersion = 17.0.31919.166
MinimumVisualStudioVersion = 10.0.40219.1
Project("{9A19103F-16F7-4668-BE54-9A1E7A4F7556}") = "AnimationLoader.Koikatu", "src\AnimationLoader.Koikatu\AnimationLoader.Koikatu.csproj", "{3EF70928-3925-4F6C-96E9-0EF3B9228E0D}"
EndProject
Project("{2150E333-8FDC-42A3-9474-1A3956D46DE8}") = "Solution Items", "Solution Items", "{6B1C4EAA-7ADD-47A9-AC1E-004D83C9BC6C}"
	ProjectSection(SolutionItems) = preProject
		.editorconfig = .editorconfig
		.gitignore = .gitignore
		CHANGELOG.md = CHANGELOG.md
		Manifest.md = Manifest.md
		nuget.config = nuget.config
		README.md = README.md
		template.xml = template.xml
	EndProjectSection
EndProject
Project("{D954291E-2A0B-460D-934E-DC6B0785DB48}") = "AnimationLoader.Core", "src\AnimationLoader.Core\AnimationLoader.Core.shproj", "{E48D1A5F-A706-4293-88BB-D82BD68CDFED}"
EndProject
Project("{9A19103F-16F7-4668-BE54-9A1E7A4F7556}") = "AnimationLoader.KoikatsuSunshine", "src\AnimationLoader.KoikatsuSunshine\AnimationLoader.KoikatsuSunshine.csproj", "{269D192E-9499-429F-A07F-C8B7E13DC861}"
EndProject
Project("{9A19103F-16F7-4668-BE54-9A1E7A4F7556}") = "AnimationLoader.KoikatsuSunshine.VR", "src\AnimationLoader.KoikatsuSunshine.VR\AnimationLoader.KoikatsuSunshine.VR.csproj", "{BA5A65CB-A461-449B-9AE5-5CEF89E4F0C4}"
EndProject
Global
	GlobalSection(SharedMSBuildProjectFiles) = preSolution
		src\AnimationLoader.Core\AnimationLoader.Core.projitems*{269d192e-9499-429f-a07f-c8b7e13dc861}*SharedItemsImports = 5
		src\AnimationLoader.Core\AnimationLoader.Core.projitems*{3ef70928-3925-4f6c-96e9-0ef3b9228e0d}*SharedItemsImports = 5
		src\AnimationLoader.Core\AnimationLoader.Core.projitems*{ba5a65cb-a461-449b-9ae5-5cef89e4f0c4}*SharedItemsImports = 5
		src\AnimationLoader.Core\AnimationLoader.Core.projitems*{e48d1a5f-a706-4293-88bb-d82bd68cdfed}*SharedItemsImports = 13
	EndGlobalSection
	GlobalSection(SolutionConfigurationPlatforms) = preSolution
		Debug|Any CPU = Debug|Any CPU
		Release|Any CPU = Release|Any CPU
	EndGlobalSection
	GlobalSection(ProjectConfigurationPlatforms) = postSolution
		{3EF70928-3925-4F6C-96E9-0EF3B9228E0D}.Debug|Any CPU.ActiveCfg = Debug|Any CPU
		{3EF70928-3925-4F6C-96E9-0EF3B9228E0D}.Debug|Any CPU.Build.0 = Debug|Any CPU
		{3EF70928-3925-4F6C-96E9-0EF3B9228E0D}.Release|Any CPU.ActiveCfg = Release|Any CPU
		{3EF70928-3925-4F6C-96E9-0EF3B9228E0D}.Release|Any CPU.Build.0 = Release|Any CPU
		{269D192E-9499-429F-A07F-C8B7E13DC861}.Debug|Any CPU.ActiveCfg = Debug|Any CPU
		{269D192E-9499-429F-A07F-C8B7E13DC861}.Debug|Any CPU.Build.0 = Debug|Any CPU
		{269D192E-9499-429F-A07F-C8B7E13DC861}.Release|Any CPU.ActiveCfg = Release|Any CPU
		{269D192E-9499-429F-A07F-C8B7E13DC861}.Release|Any CPU.Build.0 = Release|Any CPU
		{BA5A65CB-A461-449B-9AE5-5CEF89E4F0C4}.Debug|Any CPU.ActiveCfg = Debug|Any CPU
		{BA5A65CB-A461-449B-9AE5-5CEF89E4F0C4}.Debug|Any CPU.Build.0 = Debug|Any CPU
		{BA5A65CB-A461-449B-9AE5-5CEF89E4F0C4}.Release|Any CPU.ActiveCfg = Release|Any CPU
		{BA5A65CB-A461-449B-9AE5-5CEF89E4F0C4}.Release|Any CPU.Build.0 = Release|Any CPU
	EndGlobalSection
	GlobalSection(SolutionProperties) = preSolution
		HideSolutionNode = FALSE
	EndGlobalSection
	GlobalSection(ExtensibilityGlobals) = postSolution
		SolutionGuid = {F34D347D-7842-4922-A372-47ECD316CD6E}
	EndGlobalSection
EndGlobal
