
Microsoft Visual Studio Solution File, Format Version 12.00
# Visual Studio Version 17
VisualStudioVersion = 17.0.31919.166
MinimumVisualStudioVersion = 10.0.40219.1
Project("{9A19103F-16F7-4668-BE54-9A1E7A4F7556}") = "AnimationLoader.Koikatu", "src\AnimationLoader.Koikatu\AnimationLoader.Koikatu.csproj", "{3EF70928-3925-4F6C-96E9-0EF3B9228E0D}"
EndProject
Project("{D954291E-2A0B-460D-934E-DC6B0785DB48}") = "AnimationLoader.Core", "src\AnimationLoader.Core\AnimationLoader.Core.shproj", "{00801BD1-C46B-47FD-947B-F27ACC392CB2}"
EndProject
Project("{FAE04EC0-301F-11D3-BF4B-00C04F79EFBC}") = "AnimationLoader.KoikatsuSunshine", "src\AnimationLoader.KoikatsuSunshine\AnimationLoader.KoikatsuSunshine.csproj", "{538C1A8E-E673-45F6-A2F6-5C662DB09C6B}"
EndProject
Global
	GlobalSection(SharedMSBuildProjectFiles) = preSolution
		src\AnimationLoader.Core\AnimationLoader.Core.projitems*{00801bd1-c46b-47fd-947b-f27acc392cb2}*SharedItemsImports = 13
		src\AnimationLoader.Core\AnimationLoader.Core.projitems*{3ef70928-3925-4f6c-96e9-0ef3b9228e0d}*SharedItemsImports = 5
	EndGlobalSection
	GlobalSection(SolutionConfigurationPlatforms) = preSolution
		Debug|Any CPU = Debug|Any CPU
		Release|Any CPU = Release|Any CPU
	EndGlobalSection
	GlobalSection(ProjectConfigurationPlatforms) = postSolution
		{3EF70928-3925-4F6C-96E9-0EF3B9228E0D}.Debug|Any CPU.ActiveCfg = Debug|Any CPU
		{3EF70928-3925-4F6C-96E9-0EF3B9228E0D}.Debug|Any CPU.Build.0 = Debug|Any CPU
		{3EF70928-3925-4F6C-96E9-0EF3B9228E0D}.Release|Any CPU.ActiveCfg = Release|Any CPU
		{3EF70928-3925-4F6C-96E9-0EF3B9228E0D}.Release|Any CPU.Build.0 = Release|Any CPU
		{538C1A8E-E673-45F6-A2F6-5C662DB09C6B}.Debug|Any CPU.ActiveCfg = Debug|Any CPU
		{538C1A8E-E673-45F6-A2F6-5C662DB09C6B}.Debug|Any CPU.Build.0 = Debug|Any CPU
		{538C1A8E-E673-45F6-A2F6-5C662DB09C6B}.Release|Any CPU.ActiveCfg = Release|Any CPU
		{538C1A8E-E673-45F6-A2F6-5C662DB09C6B}.Release|Any CPU.Build.0 = Release|Any CPU
	EndGlobalSection
	GlobalSection(SolutionProperties) = preSolution
		HideSolutionNode = FALSE
	EndGlobalSection
	GlobalSection(ExtensibilityGlobals) = postSolution
		SolutionGuid = {05A3DF07-DCBA-4F87-B786-585322339064}
	EndGlobalSection
EndGlobal
